
Microsoft Visual Studio Solution File, Format Version 12.00
# Visual Studio Version 17
VisualStudioVersion = 17.10.35122.118
MinimumVisualStudioVersion = 10.0.40219.1
Project("{FAE04EC0-301F-11D3-BF4B-00C04F79EFBC}") = "API", "API\API.csproj", "{B7696FF5-C446-4B7D-9452-ED0CDF9C375C}"
EndProject
Global
	GlobalSection(SolutionConfigurationPlatforms) = preSolution
		Debug|Any CPU = Debug|Any CPU
		Release|Any CPU = Release|Any CPU
	EndGlobalSection
	GlobalSection(ProjectConfigurationPlatforms) = postSolution
		{B7696FF5-C446-4B7D-9452-ED0CDF9C375C}.Debug|Any CPU.ActiveCfg = Debug|Any CPU
		{B7696FF5-C446-4B7D-9452-ED0CDF9C375C}.Debug|Any CPU.Build.0 = Debug|Any CPU
		{B7696FF5-C446-4B7D-9452-ED0CDF9C375C}.Release|Any CPU.ActiveCfg = Release|Any CPU
		{B7696FF5-C446-4B7D-9452-ED0CDF9C375C}.Release|Any CPU.Build.0 = Release|Any CPU
	EndGlobalSection
	GlobalSection(SolutionProperties) = preSolution
		HideSolutionNode = FALSE
	EndGlobalSection
	GlobalSection(ExtensibilityGlobals) = postSolution
		SolutionGuid = {EE15A63C-F2E2-4909-A252-FC7629F5DB9B}
	EndGlobalSection
EndGlobal
